// !$*UTF8*$!
{
	archiveVersion = 1;
	classes = {
	};
	objectVersion = 51;
	objects = {

/* Begin PBXBuildFile section */
		ED414B8447CB6133F7643FB5 /* Pods_DemoFirebaseAuth.framework in Frameworks */ = {isa = PBXBuildFile; fileRef = 72C3409929EDAB8B1D393BD2 /* Pods_DemoFirebaseAuth.framework */; };
		F84730E4246BFD4600AFD2F3 /* RegisterVC.swift in Sources */ = {isa = PBXBuildFile; fileRef = F84730E3246BFD4600AFD2F3 /* RegisterVC.swift */; };
		F85C1B6C246AA0AE00AC0D25 /* AppDelegate.swift in Sources */ = {isa = PBXBuildFile; fileRef = F85C1B6B246AA0AE00AC0D25 /* AppDelegate.swift */; };
		F85C1B6E246AA0AE00AC0D25 /* SceneDelegate.swift in Sources */ = {isa = PBXBuildFile; fileRef = F85C1B6D246AA0AE00AC0D25 /* SceneDelegate.swift */; };
		F85C1B70246AA0AE00AC0D25 /* ViewController.swift in Sources */ = {isa = PBXBuildFile; fileRef = F85C1B6F246AA0AE00AC0D25 /* ViewController.swift */; };
		F85C1B73246AA0AE00AC0D25 /* Main.storyboard in Resources */ = {isa = PBXBuildFile; fileRef = F85C1B71246AA0AE00AC0D25 /* Main.storyboard */; };
		F85C1B75246AA0B300AC0D25 /* Assets.xcassets in Resources */ = {isa = PBXBuildFile; fileRef = F85C1B74246AA0B300AC0D25 /* Assets.xcassets */; };
		F85C1B78246AA0B300AC0D25 /* LaunchScreen.storyboard in Resources */ = {isa = PBXBuildFile; fileRef = F85C1B76246AA0B300AC0D25 /* LaunchScreen.storyboard */; };
		F85C1B80246AA4AB00AC0D25 /* GoogleService-Info.plist in Resources */ = {isa = PBXBuildFile; fileRef = F85C1B7F246AA4AB00AC0D25 /* GoogleService-Info.plist */; };
		F85C1B89246AB30000AC0D25 /* LoginVC.swift in Sources */ = {isa = PBXBuildFile; fileRef = F85C1B88246AB30000AC0D25 /* LoginVC.swift */; };
/* End PBXBuildFile section */

/* Begin PBXFileReference section */
		6CAFB561F59F291280C515FF /* Pods-DemoFirebaseAuth.release.xcconfig */ = {isa = PBXFileReference; includeInIndex = 1; lastKnownFileType = text.xcconfig; name = "Pods-DemoFirebaseAuth.release.xcconfig"; path = "Target Support Files/Pods-DemoFirebaseAuth/Pods-DemoFirebaseAuth.release.xcconfig"; sourceTree = "<group>"; };
		6D22E36A3FB6FEC3849B89F2 /* Pods-DemoFirebaseAuth.debug.xcconfig */ = {isa = PBXFileReference; includeInIndex = 1; lastKnownFileType = text.xcconfig; name = "Pods-DemoFirebaseAuth.debug.xcconfig"; path = "Target Support Files/Pods-DemoFirebaseAuth/Pods-DemoFirebaseAuth.debug.xcconfig"; sourceTree = "<group>"; };
		72C3409929EDAB8B1D393BD2 /* Pods_DemoFirebaseAuth.framework */ = {isa = PBXFileReference; explicitFileType = wrapper.framework; includeInIndex = 0; path = Pods_DemoFirebaseAuth.framework; sourceTree = BUILT_PRODUCTS_DIR; };
		F84730E3246BFD4600AFD2F3 /* RegisterVC.swift */ = {isa = PBXFileReference; lastKnownFileType = sourcecode.swift; path = RegisterVC.swift; sourceTree = "<group>"; };
		F85C1B68246AA0AE00AC0D25 /* DemoFirebaseAuth.app */ = {isa = PBXFileReference; explicitFileType = wrapper.application; includeInIndex = 0; path = DemoFirebaseAuth.app; sourceTree = BUILT_PRODUCTS_DIR; };
		F85C1B6B246AA0AE00AC0D25 /* AppDelegate.swift */ = {isa = PBXFileReference; lastKnownFileType = sourcecode.swift; path = AppDelegate.swift; sourceTree = "<group>"; };
		F85C1B6D246AA0AE00AC0D25 /* SceneDelegate.swift */ = {isa = PBXFileReference; lastKnownFileType = sourcecode.swift; path = SceneDelegate.swift; sourceTree = "<group>"; };
		F85C1B6F246AA0AE00AC0D25 /* ViewController.swift */ = {isa = PBXFileReference; lastKnownFileType = sourcecode.swift; path = ViewController.swift; sourceTree = "<group>"; };
		F85C1B72246AA0AE00AC0D25 /* Base */ = {isa = PBXFileReference; lastKnownFileType = file.storyboard; name = Base; path = Base.lproj/Main.storyboard; sourceTree = "<group>"; };
		F85C1B74246AA0B300AC0D25 /* Assets.xcassets */ = {isa = PBXFileReference; lastKnownFileType = folder.assetcatalog; path = Assets.xcassets; sourceTree = "<group>"; };
		F85C1B77246AA0B300AC0D25 /* Base */ = {isa = PBXFileReference; lastKnownFileType = file.storyboard; name = Base; path = Base.lproj/LaunchScreen.storyboard; sourceTree = "<group>"; };
		F85C1B79246AA0B300AC0D25 /* Info.plist */ = {isa = PBXFileReference; lastKnownFileType = text.plist.xml; path = Info.plist; sourceTree = "<group>"; };
		F85C1B7F246AA4AB00AC0D25 /* GoogleService-Info.plist */ = {isa = PBXFileReference; fileEncoding = 4; lastKnownFileType = text.plist.xml; path = "GoogleService-Info.plist"; sourceTree = "<group>"; };
		F85C1B88246AB30000AC0D25 /* LoginVC.swift */ = {isa = PBXFileReference; lastKnownFileType = sourcecode.swift; path = LoginVC.swift; sourceTree = "<group>"; };
/* End PBXFileReference section */

/* Begin PBXFrameworksBuildPhase section */
		F85C1B65246AA0AE00AC0D25 /* Frameworks */ = {
			isa = PBXFrameworksBuildPhase;
			buildActionMask = 2147483647;
			files = (
				ED414B8447CB6133F7643FB5 /* Pods_DemoFirebaseAuth.framework in Frameworks */,
			);
			runOnlyForDeploymentPostprocessing = 0;
		};
/* End PBXFrameworksBuildPhase section */

/* Begin PBXGroup section */
		4063077FC2C2C198DB8C769C /* Frameworks */ = {
			isa = PBXGroup;
			children = (
				72C3409929EDAB8B1D393BD2 /* Pods_DemoFirebaseAuth.framework */,
			);
			name = Frameworks;
			sourceTree = "<group>";
		};
		874B95AC09CC8CF00494ED45 /* Pods */ = {
			isa = PBXGroup;
			children = (
				6D22E36A3FB6FEC3849B89F2 /* Pods-DemoFirebaseAuth.debug.xcconfig */,
				6CAFB561F59F291280C515FF /* Pods-DemoFirebaseAuth.release.xcconfig */,
			);
			path = Pods;
			sourceTree = "<group>";
		};
		F85C1B5F246AA0AE00AC0D25 = {
			isa = PBXGroup;
			children = (
				F85C1B6A246AA0AE00AC0D25 /* DemoFirebaseAuth */,
				F85C1B69246AA0AE00AC0D25 /* Products */,
				874B95AC09CC8CF00494ED45 /* Pods */,
				4063077FC2C2C198DB8C769C /* Frameworks */,
			);
			sourceTree = "<group>";
		};
		F85C1B69246AA0AE00AC0D25 /* Products */ = {
			isa = PBXGroup;
			children = (
				F85C1B68246AA0AE00AC0D25 /* DemoFirebaseAuth.app */,
			);
			name = Products;
			sourceTree = "<group>";
		};
		F85C1B6A246AA0AE00AC0D25 /* DemoFirebaseAuth */ = {
			isa = PBXGroup;
			children = (
				F85C1B6B246AA0AE00AC0D25 /* AppDelegate.swift */,
				F85C1B6D246AA0AE00AC0D25 /* SceneDelegate.swift */,
				F85C1B86246AB1CE00AC0D25 /* Resorces */,
				F85C1B85246AB1BD00AC0D25 /* Core */,
				F85C1B83246AB16700AC0D25 /* ResetPassword */,
				F85C1B82246AB15000AC0D25 /* Register */,
				F85C1B81246AB13400AC0D25 /* Login */,
				F85C1B84246AB18600AC0D25 /* View */,
				F85C1B87246AB1FC00AC0D25 /* WelcomeVC */,
			);
			path = DemoFirebaseAuth;
			sourceTree = "<group>";
		};
		F85C1B81246AB13400AC0D25 /* Login */ = {
			isa = PBXGroup;
			children = (
				F85C1B88246AB30000AC0D25 /* LoginVC.swift */,
			);
			path = Login;
			sourceTree = "<group>";
		};
		F85C1B82246AB15000AC0D25 /* Register */ = {
			isa = PBXGroup;
			children = (
				F84730E3246BFD4600AFD2F3 /* RegisterVC.swift */,
			);
			path = Register;
			sourceTree = "<group>";
		};
		F85C1B83246AB16700AC0D25 /* ResetPassword */ = {
			isa = PBXGroup;
			children = (
			);
			path = ResetPassword;
			sourceTree = "<group>";
		};
		F85C1B84246AB18600AC0D25 /* View */ = {
			isa = PBXGroup;
			children = (
				F85C1B71246AA0AE00AC0D25 /* Main.storyboard */,
				F85C1B76246AA0B300AC0D25 /* LaunchScreen.storyboard */,
			);
			path = View;
			sourceTree = "<group>";
		};
		F85C1B85246AB1BD00AC0D25 /* Core */ = {
			isa = PBXGroup;
			children = (
				F85C1B79246AA0B300AC0D25 /* Info.plist */,
				F85C1B7F246AA4AB00AC0D25 /* GoogleService-Info.plist */,
			);
			path = Core;
			sourceTree = "<group>";
		};
		F85C1B86246AB1CE00AC0D25 /* Resorces */ = {
			isa = PBXGroup;
			children = (
				F85C1B74246AA0B300AC0D25 /* Assets.xcassets */,
			);
			path = Resorces;
			sourceTree = "<group>";
		};
		F85C1B87246AB1FC00AC0D25 /* WelcomeVC */ = {
			isa = PBXGroup;
			children = (
				F85C1B6F246AA0AE00AC0D25 /* ViewController.swift */,
			);
			path = WelcomeVC;
			sourceTree = "<group>";
		};
/* End PBXGroup section */

/* Begin PBXNativeTarget section */
		F85C1B67246AA0AE00AC0D25 /* DemoFirebaseAuth */ = {
			isa = PBXNativeTarget;
			buildConfigurationList = F85C1B7C246AA0B300AC0D25 /* Build configuration list for PBXNativeTarget "DemoFirebaseAuth" */;
			buildPhases = (
				E9BFFCADBE06FEDE6350212F /* [CP] Check Pods Manifest.lock */,
				F85C1B64246AA0AE00AC0D25 /* Sources */,
				F85C1B65246AA0AE00AC0D25 /* Frameworks */,
				F85C1B66246AA0AE00AC0D25 /* Resources */,
				70BA0DE6D9061AF8E6965096 /* [CP] Embed Pods Frameworks */,
			);
			buildRules = (
			);
			dependencies = (
			);
			name = DemoFirebaseAuth;
			productName = DemoFirebaseAuth;
			productReference = F85C1B68246AA0AE00AC0D25 /* DemoFirebaseAuth.app */;
			productType = "com.apple.product-type.application";
		};
/* End PBXNativeTarget section */

/* Begin PBXProject section */
		F85C1B60246AA0AE00AC0D25 /* Project object */ = {
			isa = PBXProject;
			attributes = {
				LastSwiftUpdateCheck = 1130;
				LastUpgradeCheck = 1130;
				ORGANIZATIONNAME = "ahmed gado";
				TargetAttributes = {
					F85C1B67246AA0AE00AC0D25 = {
						CreatedOnToolsVersion = 11.3.1;
					};
				};
			};
			buildConfigurationList = F85C1B63246AA0AE00AC0D25 /* Build configuration list for PBXProject "DemoFirebaseAuth" */;
			compatibilityVersion = "Xcode 9.3";
			developmentRegion = en;
			hasScannedForEncodings = 0;
			knownRegions = (
				en,
				Base,
			);
			mainGroup = F85C1B5F246AA0AE00AC0D25;
			productRefGroup = F85C1B69246AA0AE00AC0D25 /* Products */;
			projectDirPath = "";
			projectRoot = "";
			targets = (
				F85C1B67246AA0AE00AC0D25 /* DemoFirebaseAuth */,
			);
		};
/* End PBXProject section */

/* Begin PBXResourcesBuildPhase section */
		F85C1B66246AA0AE00AC0D25 /* Resources */ = {
			isa = PBXResourcesBuildPhase;
			buildActionMask = 2147483647;
			files = (
				F85C1B78246AA0B300AC0D25 /* LaunchScreen.storyboard in Resources */,
				F85C1B80246AA4AB00AC0D25 /* GoogleService-Info.plist in Resources */,
				F85C1B75246AA0B300AC0D25 /* Assets.xcassets in Resources */,
				F85C1B73246AA0AE00AC0D25 /* Main.storyboard in Resources */,
			);
			runOnlyForDeploymentPostprocessing = 0;
		};
/* End PBXResourcesBuildPhase section */

/* Begin PBXShellScriptBuildPhase section */
		70BA0DE6D9061AF8E6965096 /* [CP] Embed Pods Frameworks */ = {
			isa = PBXShellScriptBuildPhase;
			buildActionMask = 2147483647;
			files = (
			);
			inputFileListPaths = (
				"${PODS_ROOT}/Target Support Files/Pods-DemoFirebaseAuth/Pods-DemoFirebaseAuth-frameworks-${CONFIGURATION}-input-files.xcfilelist",
			);
			name = "[CP] Embed Pods Frameworks";
			outputFileListPaths = (
				"${PODS_ROOT}/Target Support Files/Pods-DemoFirebaseAuth/Pods-DemoFirebaseAuth-frameworks-${CONFIGURATION}-output-files.xcfilelist",
			);
			runOnlyForDeploymentPostprocessing = 0;
			shellPath = /bin/sh;
			shellScript = "\"${PODS_ROOT}/Target Support Files/Pods-DemoFirebaseAuth/Pods-DemoFirebaseAuth-frameworks.sh\"\n";
			showEnvVarsInLog = 0;
		};
		E9BFFCADBE06FEDE6350212F /* [CP] Check Pods Manifest.lock */ = {
			isa = PBXShellScriptBuildPhase;
			buildActionMask = 2147483647;
			files = (
			);
			inputFileListPaths = (
			);
			inputPaths = (
				"${PODS_PODFILE_DIR_PATH}/Podfile.lock",
				"${PODS_ROOT}/Manifest.lock",
			);
			name = "[CP] Check Pods Manifest.lock";
			outputFileListPaths = (
			);
			outputPaths = (
				"$(DERIVED_FILE_DIR)/Pods-DemoFirebaseAuth-checkManifestLockResult.txt",
			);
			runOnlyForDeploymentPostprocessing = 0;
			shellPath = /bin/sh;
			shellScript = "diff \"${PODS_PODFILE_DIR_PATH}/Podfile.lock\" \"${PODS_ROOT}/Manifest.lock\" > /dev/null\nif [ $? != 0 ] ; then\n    # print error to STDERR\n    echo \"error: The sandbox is not in sync with the Podfile.lock. Run 'pod install' or update your CocoaPods installation.\" >&2\n    exit 1\nfi\n# This output is used by Xcode 'outputs' to avoid re-running this script phase.\necho \"SUCCESS\" > \"${SCRIPT_OUTPUT_FILE_0}\"\n";
			showEnvVarsInLog = 0;
		};
/* End PBXShellScriptBuildPhase section */

/* Begin PBXSourcesBuildPhase section */
		F85C1B64246AA0AE00AC0D25 /* Sources */ = {
			isa = PBXSourcesBuildPhase;
			buildActionMask = 2147483647;
			files = (
				F85C1B70246AA0AE00AC0D25 /* ViewController.swift in Sources */,
				F85C1B6C246AA0AE00AC0D25 /* AppDelegate.swift in Sources */,
				F85C1B89246AB30000AC0D25 /* LoginVC.swift in Sources */,
				F85C1B6E246AA0AE00AC0D25 /* SceneDelegate.swift in Sources */,
				F84730E4246BFD4600AFD2F3 /* RegisterVC.swift in Sources */,
			);
			runOnlyForDeploymentPostprocessing = 0;
		};
/* End PBXSourcesBuildPhase section */

/* Begin PBXVariantGroup section */
		F85C1B71246AA0AE00AC0D25 /* Main.storyboard */ = {
			isa = PBXVariantGroup;
			children = (
				F85C1B72246AA0AE00AC0D25 /* Base */,
			);
			name = Main.storyboard;
			sourceTree = "<group>";
		};
		F85C1B76246AA0B300AC0D25 /* LaunchScreen.storyboard */ = {
			isa = PBXVariantGroup;
			children = (
				F85C1B77246AA0B300AC0D25 /* Base */,
			);
			name = LaunchScreen.storyboard;
			sourceTree = "<group>";
		};
/* End PBXVariantGroup section */

/* Begin XCBuildConfiguration section */
		F85C1B7A246AA0B300AC0D25 /* Debug */ = {
			isa = XCBuildConfiguration;
			buildSettings = {
				ALWAYS_SEARCH_USER_PATHS = NO;
				CLANG_ANALYZER_NONNULL = YES;
				CLANG_ANALYZER_NUMBER_OBJECT_CONVERSION = YES_AGGRESSIVE;
				CLANG_CXX_LANGUAGE_STANDARD = "gnu++14";
				CLANG_CXX_LIBRARY = "libc++";
				CLANG_ENABLE_MODULES = YES;
				CLANG_ENABLE_OBJC_ARC = YES;
				CLANG_ENABLE_OBJC_WEAK = YES;
				CLANG_WARN_BLOCK_CAPTURE_AUTORELEASING = YES;
				CLANG_WARN_BOOL_CONVERSION = YES;
				CLANG_WARN_COMMA = YES;
				CLANG_WARN_CONSTANT_CONVERSION = YES;
				CLANG_WARN_DEPRECATED_OBJC_IMPLEMENTATIONS = YES;
				CLANG_WARN_DIRECT_OBJC_ISA_USAGE = YES_ERROR;
				CLANG_WARN_DOCUMENTATION_COMMENTS = YES;
				CLANG_WARN_EMPTY_BODY = YES;
				CLANG_WARN_ENUM_CONVERSION = YES;
				CLANG_WARN_INFINITE_RECURSION = YES;
				CLANG_WARN_INT_CONVERSION = YES;
				CLANG_WARN_NON_LITERAL_NULL_CONVERSION = YES;
				CLANG_WARN_OBJC_IMPLICIT_RETAIN_SELF = YES;
				CLANG_WARN_OBJC_LITERAL_CONVERSION = YES;
				CLANG_WARN_OBJC_ROOT_CLASS = YES_ERROR;
				CLANG_WARN_RANGE_LOOP_ANALYSIS = YES;
				CLANG_WARN_STRICT_PROTOTYPES = YES;
				CLANG_WARN_SUSPICIOUS_MOVE = YES;
				CLANG_WARN_UNGUARDED_AVAILABILITY = YES_AGGRESSIVE;
				CLANG_WARN_UNREACHABLE_CODE = YES;
				CLANG_WARN__DUPLICATE_METHOD_MATCH = YES;
				COPY_PHASE_STRIP = NO;
				DEBUG_INFORMATION_FORMAT = dwarf;
				ENABLE_STRICT_OBJC_MSGSEND = YES;
				ENABLE_TESTABILITY = YES;
				GCC_C_LANGUAGE_STANDARD = gnu11;
				GCC_DYNAMIC_NO_PIC = NO;
				GCC_NO_COMMON_BLOCKS = YES;
				GCC_OPTIMIZATION_LEVEL = 0;
				GCC_PREPROCESSOR_DEFINITIONS = (
					"DEBUG=1",
					"$(inherited)",
				);
				GCC_WARN_64_TO_32_BIT_CONVERSION = YES;
				GCC_WARN_ABOUT_RETURN_TYPE = YES_ERROR;
				GCC_WARN_UNDECLARED_SELECTOR = YES;
				GCC_WARN_UNINITIALIZED_AUTOS = YES_AGGRESSIVE;
				GCC_WARN_UNUSED_FUNCTION = YES;
				GCC_WARN_UNUSED_VARIABLE = YES;
				IPHONEOS_DEPLOYMENT_TARGET = 13.2;
				MTL_ENABLE_DEBUG_INFO = INCLUDE_SOURCE;
				MTL_FAST_MATH = YES;
				ONLY_ACTIVE_ARCH = YES;
				SDKROOT = iphoneos;
				SWIFT_ACTIVE_COMPILATION_CONDITIONS = DEBUG;
				SWIFT_OPTIMIZATION_LEVEL = "-Onone";
			};
			name = Debug;
		};
		F85C1B7B246AA0B300AC0D25 /* Release */ = {
			isa = XCBuildConfiguration;
			buildSettings = {
				ALWAYS_SEARCH_USER_PATHS = NO;
				CLANG_ANALYZER_NONNULL = YES;
				CLANG_ANALYZER_NUMBER_OBJECT_CONVERSION = YES_AGGRESSIVE;
				CLANG_CXX_LANGUAGE_STANDARD = "gnu++14";
				CLANG_CXX_LIBRARY = "libc++";
				CLANG_ENABLE_MODULES = YES;
				CLANG_ENABLE_OBJC_ARC = YES;
				CLANG_ENABLE_OBJC_WEAK = YES;
				CLANG_WARN_BLOCK_CAPTURE_AUTORELEASING = YES;
				CLANG_WARN_BOOL_CONVERSION = YES;
				CLANG_WARN_COMMA = YES;
				CLANG_WARN_CONSTANT_CONVERSION = YES;
				CLANG_WARN_DEPRECATED_OBJC_IMPLEMENTATIONS = YES;
				CLANG_WARN_DIRECT_OBJC_ISA_USAGE = YES_ERROR;
				CLANG_WARN_DOCUMENTATION_COMMENTS = YES;
				CLANG_WARN_EMPTY_BODY = YES;
				CLANG_WARN_ENUM_CONVERSION = YES;
				CLANG_WARN_INFINITE_RECURSION = YES;
				CLANG_WARN_INT_CONVERSION = YES;
				CLANG_WARN_NON_LITERAL_NULL_CONVERSION = YES;
				CLANG_WARN_OBJC_IMPLICIT_RETAIN_SELF = YES;
				CLANG_WARN_OBJC_LITERAL_CONVERSION = YES;
				CLANG_WARN_OBJC_ROOT_CLASS = YES_ERROR;
				CLANG_WARN_RANGE_LOOP_ANALYSIS = YES;
				CLANG_WARN_STRICT_PROTOTYPES = YES;
				CLANG_WARN_SUSPICIOUS_MOVE = YES;
				CLANG_WARN_UNGUARDED_AVAILABILITY = YES_AGGRESSIVE;
				CLANG_WARN_UNREACHABLE_CODE = YES;
				CLANG_WARN__DUPLICATE_METHOD_MATCH = YES;
				COPY_PHASE_STRIP = NO;
				DEBUG_INFORMATION_FORMAT = "dwarf-with-dsym";
				ENABLE_NS_ASSERTIONS = NO;
				ENABLE_STRICT_OBJC_MSGSEND = YES;
				GCC_C_LANGUAGE_STANDARD = gnu11;
				GCC_NO_COMMON_BLOCKS = YES;
				GCC_WARN_64_TO_32_BIT_CONVERSION = YES;
				GCC_WARN_ABOUT_RETURN_TYPE = YES_ERROR;
				GCC_WARN_UNDECLARED_SELECTOR = YES;
				GCC_WARN_UNINITIALIZED_AUTOS = YES_AGGRESSIVE;
				GCC_WARN_UNUSED_FUNCTION = YES;
				GCC_WARN_UNUSED_VARIABLE = YES;
				IPHONEOS_DEPLOYMENT_TARGET = 13.2;
				MTL_ENABLE_DEBUG_INFO = NO;
				MTL_FAST_MATH = YES;
				SDKROOT = iphoneos;
				SWIFT_COMPILATION_MODE = wholemodule;
				SWIFT_OPTIMIZATION_LEVEL = "-O";
				VALIDATE_PRODUCT = YES;
			};
			name = Release;
		};
		F85C1B7D246AA0B300AC0D25 /* Debug */ = {
			isa = XCBuildConfiguration;
			baseConfigurationReference = 6D22E36A3FB6FEC3849B89F2 /* Pods-DemoFirebaseAuth.debug.xcconfig */;
			buildSettings = {
				ASSETCATALOG_COMPILER_APPICON_NAME = AppIcon;
				CODE_SIGN_STYLE = Automatic;
				DEVELOPMENT_TEAM = PKEZ3U687Q;
				INFOPLIST_FILE = "$(SRCROOT)/DemoFirebaseAuth/Core/Info.plist";
				LD_RUNPATH_SEARCH_PATHS = (
					"$(inherited)",
					"@executable_path/Frameworks",
				);
				PRODUCT_BUNDLE_IDENTIFIER = com.DemoFirebaseAuth;
				PRODUCT_NAME = "$(TARGET_NAME)";
				SWIFT_VERSION = 5.0;
				TARGETED_DEVICE_FAMILY = "1,2";
			};
			name = Debug;
		};
		F85C1B7E246AA0B300AC0D25 /* Release */ = {
			isa = XCBuildConfiguration;
			baseConfigurationReference = 6CAFB561F59F291280C515FF /* Pods-DemoFirebaseAuth.release.xcconfig */;
			buildSettings = {
				ASSETCATALOG_COMPILER_APPICON_NAME = AppIcon;
				CODE_SIGN_STYLE = Automatic;
				DEVELOPMENT_TEAM = PKEZ3U687Q;
				INFOPLIST_FILE = "$(SRCROOT)/DemoFirebaseAuth/Core/Info.plist";
				LD_RUNPATH_SEARCH_PATHS = (
					"$(inherited)",
					"@executable_path/Frameworks",
				);
				PRODUCT_BUNDLE_IDENTIFIER = com.DemoFirebaseAuth;
				PRODUCT_NAME = "$(TARGET_NAME)";
				SWIFT_VERSION = 5.0;
				TARGETED_DEVICE_FAMILY = "1,2";
			};
			name = Release;
		};
/* End XCBuildConfiguration section */

/* Begin XCConfigurationList section */
		F85C1B63246AA0AE00AC0D25 /* Build configuration list for PBXProject "DemoFirebaseAuth" */ = {
			isa = XCConfigurationList;
			buildConfigurations = (
				F85C1B7A246AA0B300AC0D25 /* Debug */,
				F85C1B7B246AA0B300AC0D25 /* Release */,
			);
			defaultConfigurationIsVisible = 0;
			defaultConfigurationName = Release;
		};
		F85C1B7C246AA0B300AC0D25 /* Build configuration list for PBXNativeTarget "DemoFirebaseAuth" */ = {
			isa = XCConfigurationList;
			buildConfigurations = (
				F85C1B7D246AA0B300AC0D25 /* Debug */,
				F85C1B7E246AA0B300AC0D25 /* Release */,
			);
			defaultConfigurationIsVisible = 0;
			defaultConfigurationName = Release;
		};
/* End XCConfigurationList section */
	};
	rootObject = F85C1B60246AA0AE00AC0D25 /* Project object */;
}
